
Microsoft Visual Studio Solution File, Format Version 12.00
# Visual Studio Version 17
VisualStudioVersion = 17.9.34622.214
MinimumVisualStudioVersion = 10.0.40219.1
Project("{FAE04EC0-301F-11D3-BF4B-00C04F79EFBC}") = "ContainerizedAPI", "ContainerizedAPI\ContainerizedAPI.csproj", "{37D5B8EF-A9C9-4E41-A85A-6AE75BB8CDE4}"
EndProject
Project("{E53339B2-1760-4266-BCC7-CA923CBCF16C}") = "docker-compose", "docker-compose.dcproj", "{5CADF6CD-6EFD-4538-AAB0-5AD55291672A}"
EndProject
Global
	GlobalSection(SolutionConfigurationPlatforms) = preSolution
		Debug|Any CPU = Debug|Any CPU
		Release|Any CPU = Release|Any CPU
	EndGlobalSection
	GlobalSection(ProjectConfigurationPlatforms) = postSolution
		{37D5B8EF-A9C9-4E41-A85A-6AE75BB8CDE4}.Debug|Any CPU.ActiveCfg = Debug|Any CPU
		{37D5B8EF-A9C9-4E41-A85A-6AE75BB8CDE4}.Debug|Any CPU.Build.0 = Debug|Any CPU
		{37D5B8EF-A9C9-4E41-A85A-6AE75BB8CDE4}.Release|Any CPU.ActiveCfg = Release|Any CPU
		{37D5B8EF-A9C9-4E41-A85A-6AE75BB8CDE4}.Release|Any CPU.Build.0 = Release|Any CPU
		{5CADF6CD-6EFD-4538-AAB0-5AD55291672A}.Debug|Any CPU.ActiveCfg = Debug|Any CPU
		{5CADF6CD-6EFD-4538-AAB0-5AD55291672A}.Debug|Any CPU.Build.0 = Debug|Any CPU
		{5CADF6CD-6EFD-4538-AAB0-5AD55291672A}.Release|Any CPU.ActiveCfg = Release|Any CPU
		{5CADF6CD-6EFD-4538-AAB0-5AD55291672A}.Release|Any CPU.Build.0 = Release|Any CPU
	EndGlobalSection
	GlobalSection(SolutionProperties) = preSolution
		HideSolutionNode = FALSE
	EndGlobalSection
	GlobalSection(ExtensibilityGlobals) = postSolution
		SolutionGuid = {92237C7F-05DC-49DA-B893-7D6499EDF879}
	EndGlobalSection
EndGlobal
